// !$*UTF8*$!
{
	archiveVersion = 1;
	classes = {
	};
	objectVersion = 46;
	objects = {

/* Begin PBXBuildFile section */
		757F47251C7BA9EF008B3C33 /* OpenGL.framework in Frameworks */ = {isa = PBXBuildFile; fileRef = 757F47241C7BA9EF008B3C33 /* OpenGL.framework */; };
		757F47271C7BA9F3008B3C33 /* GLUT.framework in Frameworks */ = {isa = PBXBuildFile; fileRef = 757F47261C7BA9F3008B3C33 /* GLUT.framework */; };
		757F47291C7BA9F6008B3C33 /* Cocoa.framework in Frameworks */ = {isa = PBXBuildFile; fileRef = 757F47281C7BA9F6008B3C33 /* Cocoa.framework */; };
		75DBA2E31C8E3502009534FD /*  main.cpp in Sources */ = {isa = PBXBuildFile; fileRef = 75DBA2E21C8E3502009534FD /*  main.cpp */; };
/* End PBXBuildFile section */

/* Begin PBXCopyFilesBuildPhase section */
		757F47181C7BA9E2008B3C33 /* CopyFiles */ = {
			isa = PBXCopyFilesBuildPhase;
			buildActionMask = 2147483647;
			dstPath = /usr/share/man/man1/;
			dstSubfolderSpec = 0;
			files = (
			);
			runOnlyForDeploymentPostprocessing = 1;
		};
/* End PBXCopyFilesBuildPhase section */

/* Begin PBXFileReference section */
		757F471A1C7BA9E2008B3C33 /* MP2 */ = {isa = PBXFileReference; explicitFileType = "compiled.mach-o.executable"; includeInIndex = 0; path = MP2; sourceTree = BUILT_PRODUCTS_DIR; };
		757F47241C7BA9EF008B3C33 /* OpenGL.framework */ = {isa = PBXFileReference; lastKnownFileType = wrapper.framework; name = OpenGL.framework; path = System/Library/Frameworks/OpenGL.framework; sourceTree = SDKROOT; };
		757F47261C7BA9F3008B3C33 /* GLUT.framework */ = {isa = PBXFileReference; lastKnownFileType = wrapper.framework; name = GLUT.framework; path = System/Library/Frameworks/GLUT.framework; sourceTree = SDKROOT; };
		757F47281C7BA9F6008B3C33 /* Cocoa.framework */ = {isa = PBXFileReference; lastKnownFileType = wrapper.framework; name = Cocoa.framework; path = System/Library/Frameworks/Cocoa.framework; sourceTree = SDKROOT; };
		75DBA2E21C8E3502009534FD /*  main.cpp */ = {isa = PBXFileReference; fileEncoding = 4; lastKnownFileType = sourcecode.cpp.cpp; path = " main.cpp"; sourceTree = "<group>"; };
		75DBA2E41C8E352B009534FD /* airplane.h */ = {isa = PBXFileReference; lastKnownFileType = sourcecode.c.h; path = airplane.h; sourceTree = "<group>"; };
		75DBA2E61C8EDCAB009534FD /* keyboards.h */ = {isa = PBXFileReference; lastKnownFileType = sourcecode.c.h; path = keyboards.h; sourceTree = "<group>"; };
		75DBA2E91C8EED8E009534FD /* mountain.h */ = {isa = PBXFileReference; lastKnownFileType = sourcecode.c.h; path = mountain.h; sourceTree = "<group>"; };
		75DBA3011C8F28F6009534FD /* rendering.h */ = {isa = PBXFileReference; lastKnownFileType = sourcecode.c.h; path = rendering.h; sourceTree = "<group>"; };
/* End PBXFileReference section */

/* Begin PBXFrameworksBuildPhase section */
		757F47171C7BA9E2008B3C33 /* Frameworks */ = {
			isa = PBXFrameworksBuildPhase;
			buildActionMask = 2147483647;
			files = (
				757F47291C7BA9F6008B3C33 /* Cocoa.framework in Frameworks */,
				757F47271C7BA9F3008B3C33 /* GLUT.framework in Frameworks */,
				757F47251C7BA9EF008B3C33 /* OpenGL.framework in Frameworks */,
			);
			runOnlyForDeploymentPostprocessing = 0;
		};
/* End PBXFrameworksBuildPhase section */

/* Begin PBXGroup section */
		757F47111C7BA9E2008B3C33 = {
			isa = PBXGroup;
			children = (
				757F47281C7BA9F6008B3C33 /* Cocoa.framework */,
				757F47261C7BA9F3008B3C33 /* GLUT.framework */,
				757F47241C7BA9EF008B3C33 /* OpenGL.framework */,
				757F471C1C7BA9E2008B3C33 /* MP2 */,
				757F471B1C7BA9E2008B3C33 /* Products */,
			);
			sourceTree = "<group>";
		};
		757F471B1C7BA9E2008B3C33 /* Products */ = {
			isa = PBXGroup;
			children = (
				757F471A1C7BA9E2008B3C33 /* MP2 */,
			);
			name = Products;
			sourceTree = "<group>";
		};
		757F471C1C7BA9E2008B3C33 /* MP2 */ = {
			isa = PBXGroup;
			children = (
				75DBA2E21C8E3502009534FD /*  main.cpp */,
				75DBA2E91C8EED8E009534FD /* mountain.h */,
				75DBA2E61C8EDCAB009534FD /* keyboards.h */,
				75DBA2E41C8E352B009534FD /* airplane.h */,
				75DBA3011C8F28F6009534FD /* rendering.h */,
			);
			path = MP2;
			sourceTree = "<group>";
		};
/* End PBXGroup section */

/* Begin PBXNativeTarget section */
		757F47191C7BA9E2008B3C33 /* MP2 */ = {
			isa = PBXNativeTarget;
			buildConfigurationList = 757F47211C7BA9E2008B3C33 /* Build configuration list for PBXNativeTarget "MP2" */;
			buildPhases = (
				757F47161C7BA9E2008B3C33 /* Sources */,
				757F47171C7BA9E2008B3C33 /* Frameworks */,
				757F47181C7BA9E2008B3C33 /* CopyFiles */,
			);
			buildRules = (
			);
			dependencies = (
			);
			name = MP2;
			productName = MP2;
			productReference = 757F471A1C7BA9E2008B3C33 /* MP2 */;
			productType = "com.apple.product-type.tool";
		};
/* End PBXNativeTarget section */

/* Begin PBXProject section */
		757F47121C7BA9E2008B3C33 /* Project object */ = {
			isa = PBXProject;
			attributes = {
				LastUpgradeCheck = 0610;
				ORGANIZATIONNAME = "Hyung Eun Lee";
				TargetAttributes = {
					757F47191C7BA9E2008B3C33 = {
						CreatedOnToolsVersion = 6.1.1;
					};
				};
			};
			buildConfigurationList = 757F47151C7BA9E2008B3C33 /* Build configuration list for PBXProject "MP2" */;
			compatibilityVersion = "Xcode 3.2";
			developmentRegion = English;
			hasScannedForEncodings = 0;
			knownRegions = (
				en,
			);
			mainGroup = 757F47111C7BA9E2008B3C33;
			productRefGroup = 757F471B1C7BA9E2008B3C33 /* Products */;
			projectDirPath = "";
			projectRoot = "";
			targets = (
				757F47191C7BA9E2008B3C33 /* MP2 */,
			);
		};
/* End PBXProject section */

/* Begin PBXSourcesBuildPhase section */
		757F47161C7BA9E2008B3C33 /* Sources */ = {
			isa = PBXSourcesBuildPhase;
			buildActionMask = 2147483647;
			files = (
				75DBA2E31C8E3502009534FD /*  main.cpp in Sources */,
			);
			runOnlyForDeploymentPostprocessing = 0;
		};
/* End PBXSourcesBuildPhase section */

/* Begin XCBuildConfiguration section */
		757F471F1C7BA9E2008B3C33 /* Debug */ = {
			isa = XCBuildConfiguration;
			buildSettings = {
				ALWAYS_SEARCH_USER_PATHS = NO;
				CLANG_CXX_LANGUAGE_STANDARD = "gnu++0x";
				CLANG_CXX_LIBRARY = "libc++";
				CLANG_ENABLE_MODULES = YES;
				CLANG_ENABLE_OBJC_ARC = YES;
				CLANG_WARN_BOOL_CONVERSION = YES;
				CLANG_WARN_CONSTANT_CONVERSION = YES;
				CLANG_WARN_DIRECT_OBJC_ISA_USAGE = YES_ERROR;
				CLANG_WARN_EMPTY_BODY = YES;
				CLANG_WARN_ENUM_CONVERSION = YES;
				CLANG_WARN_INT_CONVERSION = YES;
				CLANG_WARN_OBJC_ROOT_CLASS = YES_ERROR;
				CLANG_WARN_UNREACHABLE_CODE = YES;
				CLANG_WARN__DUPLICATE_METHOD_MATCH = YES;
				COPY_PHASE_STRIP = NO;
				ENABLE_STRICT_OBJC_MSGSEND = YES;
				GCC_C_LANGUAGE_STANDARD = gnu99;
				GCC_DYNAMIC_NO_PIC = NO;
				GCC_OPTIMIZATION_LEVEL = 0;
				GCC_PREPROCESSOR_DEFINITIONS = (
					"DEBUG=1",
					"$(inherited)",
				);
				GCC_SYMBOLS_PRIVATE_EXTERN = NO;
				GCC_WARN_64_TO_32_BIT_CONVERSION = YES;
				GCC_WARN_ABOUT_RETURN_TYPE = YES_ERROR;
				GCC_WARN_UNDECLARED_SELECTOR = YES;
				GCC_WARN_UNINITIALIZED_AUTOS = YES_AGGRESSIVE;
				GCC_WARN_UNUSED_FUNCTION = YES;
				GCC_WARN_UNUSED_VARIABLE = YES;
				MACOSX_DEPLOYMENT_TARGET = 10.10;
				MTL_ENABLE_DEBUG_INFO = YES;
				ONLY_ACTIVE_ARCH = YES;
				SDKROOT = macosx;
			};
			name = Debug;
		};
		757F47201C7BA9E2008B3C33 /* Release */ = {
			isa = XCBuildConfiguration;
			buildSettings = {
				ALWAYS_SEARCH_USER_PATHS = NO;
				CLANG_CXX_LANGUAGE_STANDARD = "gnu++0x";
				CLANG_CXX_LIBRARY = "libc++";
				CLANG_ENABLE_MODULES = YES;
				CLANG_ENABLE_OBJC_ARC = YES;
				CLANG_WARN_BOOL_CONVERSION = YES;
				CLANG_WARN_CONSTANT_CONVERSION = YES;
				CLANG_WARN_DIRECT_OBJC_ISA_USAGE = YES_ERROR;
				CLANG_WARN_EMPTY_BODY = YES;
				CLANG_WARN_ENUM_CONVERSION = YES;
				CLANG_WARN_INT_CONVERSION = YES;
				CLANG_WARN_OBJC_ROOT_CLASS = YES_ERROR;
				CLANG_WARN_UNREACHABLE_CODE = YES;
				CLANG_WARN__DUPLICATE_METHOD_MATCH = YES;
				COPY_PHASE_STRIP = YES;
				DEBUG_INFORMATION_FORMAT = "dwarf-with-dsym";
				ENABLE_NS_ASSERTIONS = NO;
				ENABLE_STRICT_OBJC_MSGSEND = YES;
				GCC_C_LANGUAGE_STANDARD = gnu99;
				GCC_WARN_64_TO_32_BIT_CONVERSION = YES;
				GCC_WARN_ABOUT_RETURN_TYPE = YES_ERROR;
				GCC_WARN_UNDECLARED_SELECTOR = YES;
				GCC_WARN_UNINITIALIZED_AUTOS = YES_AGGRESSIVE;
				GCC_WARN_UNUSED_FUNCTION = YES;
				GCC_WARN_UNUSED_VARIABLE = YES;
				MACOSX_DEPLOYMENT_TARGET = 10.10;
				MTL_ENABLE_DEBUG_INFO = NO;
				SDKROOT = macosx;
			};
			name = Release;
		};
		757F47221C7BA9E2008B3C33 /* Debug */ = {
			isa = XCBuildConfiguration;
			buildSettings = {
				PRODUCT_NAME = "$(TARGET_NAME)";
			};
			name = Debug;
		};
		757F47231C7BA9E2008B3C33 /* Release */ = {
			isa = XCBuildConfiguration;
			buildSettings = {
				PRODUCT_NAME = "$(TARGET_NAME)";
			};
			name = Release;
		};
/* End XCBuildConfiguration section */

/* Begin XCConfigurationList section */
		757F47151C7BA9E2008B3C33 /* Build configuration list for PBXProject "MP2" */ = {
			isa = XCConfigurationList;
			buildConfigurations = (
				757F471F1C7BA9E2008B3C33 /* Debug */,
				757F47201C7BA9E2008B3C33 /* Release */,
			);
			defaultConfigurationIsVisible = 0;
			defaultConfigurationName = Release;
		};
		757F47211C7BA9E2008B3C33 /* Build configuration list for PBXNativeTarget "MP2" */ = {
			isa = XCConfigurationList;
			buildConfigurations = (
				757F47221C7BA9E2008B3C33 /* Debug */,
				757F47231C7BA9E2008B3C33 /* Release */,
			);
			defaultConfigurationIsVisible = 0;
			defaultConfigurationName = Release;
		};
/* End XCConfigurationList section */
	};
	rootObject = 757F47121C7BA9E2008B3C33 /* Project object */;
}
